{
    "name": "tinymce4",
    "version": "7.26.0",
    "lockfileVersion": 1,
    "requires": true,
    "dependencies": {
        "tinymce": {
            "version": "4.9.11",
            "resolved": "https://registry.npmjs.org/tinymce/-/tinymce-4.9.11.tgz",
            "integrity": "sha512-nkSLsax+VY5DBRjMFnHFqPwTnlLEGHCco82FwJF2JNH6W+5/ClvNC1P4uhD5lXPDNiDykSHR0XJdEh7w/ICHzA=="
        }
    }
}
